
Microsoft Visual Studio Solution File, Format Version 12.00
# Visual Studio Version 17
VisualStudioVersion = 17.13.35919.96
MinimumVisualStudioVersion = 10.0.40219.1
Project("{2150E333-8FDC-42A3-9474-1A3956D46DE8}") = "Services", "Services", "{02EA681E-C7D8-13C7-8484-4AC65E1B71E8}"
EndProject
Project("{2150E333-8FDC-42A3-9474-1A3956D46DE8}") = "Shared", "Shared", "{577EC0BC-4DBF-4C5E-AD70-0DB155B135E6}"
EndProject
Project("{2150E333-8FDC-42A3-9474-1A3956D46DE8}") = "Gateway", "Gateway", "{63F0EE4F-22B3-4A67-9E51-5B74F2F5E06A}"
EndProject
Project("{FAE04EC0-301F-11D3-BF4B-00C04F79EFBC}") = "MicroInventory.Shared.Common", "MicroInventory.Shared.Common\MicroInventory.Shared.Common.csproj", "{67E2C6A5-8C43-491C-9092-BE6B68364995}"
EndProject
Project("{FAE04EC0-301F-11D3-BF4B-00C04F79EFBC}") = "MicroInventory.Category.Api", "MicroInventory.Category.Api\MicroInventory.Category.Api.csproj", "{D2D726DD-01C7-4756-9DAA-9C70500F0674}"
EndProject
Project("{FAE04EC0-301F-11D3-BF4B-00C04F79EFBC}") = "MicroInventory.Product.Api", "MicroInventory.Product.Api\MicroInventory.Product.Api.csproj", "{5BDC83F0-71D4-4627-AACA-892A90C50542}"
EndProject
Project("{FAE04EC0-301F-11D3-BF4B-00C04F79EFBC}") = "MicroInventory.Person.Api", "MicroInventory.Person.Api\MicroInventory.Person.Api.csproj", "{46B36229-6B1A-4FAF-9AFA-7C0DE04FA755}"
EndProject
Project("{FAE04EC0-301F-11D3-BF4B-00C04F79EFBC}") = "MicroInventory.Assignment.Api", "MicroInventory.Assignment.Api\MicroInventory.Assignment.Api.csproj", "{A3E1EC18-932F-4054-87D8-B5257F44DC58}"
EndProject
Project("{FAE04EC0-301F-11D3-BF4B-00C04F79EFBC}") = "MicroInventory.User.Api", "MicroInventory.User.Api\MicroInventory.User.Api.csproj", "{2AE63629-24E3-4F66-926C-72979271DF17}"
EndProject
Project("{FAE04EC0-301F-11D3-BF4B-00C04F79EFBC}") = "MicroInventory.Shared.EventBus", "MicroInventory.Shared.EventBus\MicroInventory.Shared.EventBus.csproj", "{511D34E6-8FF7-4112-A094-AD15AF5B7652}"
EndProject
Global
	GlobalSection(SolutionConfigurationPlatforms) = preSolution
		Debug|Any CPU = Debug|Any CPU
		Release|Any CPU = Release|Any CPU
	EndGlobalSection
	GlobalSection(ProjectConfigurationPlatforms) = postSolution
		{67E2C6A5-8C43-491C-9092-BE6B68364995}.Debug|Any CPU.ActiveCfg = Debug|Any CPU
		{67E2C6A5-8C43-491C-9092-BE6B68364995}.Debug|Any CPU.Build.0 = Debug|Any CPU
		{67E2C6A5-8C43-491C-9092-BE6B68364995}.Release|Any CPU.ActiveCfg = Release|Any CPU
		{67E2C6A5-8C43-491C-9092-BE6B68364995}.Release|Any CPU.Build.0 = Release|Any CPU
		{D2D726DD-01C7-4756-9DAA-9C70500F0674}.Debug|Any CPU.ActiveCfg = Debug|Any CPU
		{D2D726DD-01C7-4756-9DAA-9C70500F0674}.Debug|Any CPU.Build.0 = Debug|Any CPU
		{D2D726DD-01C7-4756-9DAA-9C70500F0674}.Release|Any CPU.ActiveCfg = Release|Any CPU
		{D2D726DD-01C7-4756-9DAA-9C70500F0674}.Release|Any CPU.Build.0 = Release|Any CPU
		{5BDC83F0-71D4-4627-AACA-892A90C50542}.Debug|Any CPU.ActiveCfg = Debug|Any CPU
		{5BDC83F0-71D4-4627-AACA-892A90C50542}.Debug|Any CPU.Build.0 = Debug|Any CPU
		{5BDC83F0-71D4-4627-AACA-892A90C50542}.Release|Any CPU.ActiveCfg = Release|Any CPU
		{5BDC83F0-71D4-4627-AACA-892A90C50542}.Release|Any CPU.Build.0 = Release|Any CPU
		{46B36229-6B1A-4FAF-9AFA-7C0DE04FA755}.Debug|Any CPU.ActiveCfg = Debug|Any CPU
		{46B36229-6B1A-4FAF-9AFA-7C0DE04FA755}.Debug|Any CPU.Build.0 = Debug|Any CPU
		{46B36229-6B1A-4FAF-9AFA-7C0DE04FA755}.Release|Any CPU.ActiveCfg = Release|Any CPU
		{46B36229-6B1A-4FAF-9AFA-7C0DE04FA755}.Release|Any CPU.Build.0 = Release|Any CPU
		{A3E1EC18-932F-4054-87D8-B5257F44DC58}.Debug|Any CPU.ActiveCfg = Debug|Any CPU
		{A3E1EC18-932F-4054-87D8-B5257F44DC58}.Debug|Any CPU.Build.0 = Debug|Any CPU
		{A3E1EC18-932F-4054-87D8-B5257F44DC58}.Release|Any CPU.ActiveCfg = Release|Any CPU
		{A3E1EC18-932F-4054-87D8-B5257F44DC58}.Release|Any CPU.Build.0 = Release|Any CPU
		{2AE63629-24E3-4F66-926C-72979271DF17}.Debug|Any CPU.ActiveCfg = Debug|Any CPU
		{2AE63629-24E3-4F66-926C-72979271DF17}.Debug|Any CPU.Build.0 = Debug|Any CPU
		{2AE63629-24E3-4F66-926C-72979271DF17}.Release|Any CPU.ActiveCfg = Release|Any CPU
		{2AE63629-24E3-4F66-926C-72979271DF17}.Release|Any CPU.Build.0 = Release|Any CPU
		{511D34E6-8FF7-4112-A094-AD15AF5B7652}.Debug|Any CPU.ActiveCfg = Debug|Any CPU
		{511D34E6-8FF7-4112-A094-AD15AF5B7652}.Debug|Any CPU.Build.0 = Debug|Any CPU
		{511D34E6-8FF7-4112-A094-AD15AF5B7652}.Release|Any CPU.ActiveCfg = Release|Any CPU
		{511D34E6-8FF7-4112-A094-AD15AF5B7652}.Release|Any CPU.Build.0 = Release|Any CPU
	EndGlobalSection
	GlobalSection(SolutionProperties) = preSolution
		HideSolutionNode = FALSE
	EndGlobalSection
	GlobalSection(NestedProjects) = preSolution
		{67E2C6A5-8C43-491C-9092-BE6B68364995} = {577EC0BC-4DBF-4C5E-AD70-0DB155B135E6}
		{D2D726DD-01C7-4756-9DAA-9C70500F0674} = {02EA681E-C7D8-13C7-8484-4AC65E1B71E8}
		{5BDC83F0-71D4-4627-AACA-892A90C50542} = {02EA681E-C7D8-13C7-8484-4AC65E1B71E8}
		{46B36229-6B1A-4FAF-9AFA-7C0DE04FA755} = {02EA681E-C7D8-13C7-8484-4AC65E1B71E8}
		{A3E1EC18-932F-4054-87D8-B5257F44DC58} = {02EA681E-C7D8-13C7-8484-4AC65E1B71E8}
		{2AE63629-24E3-4F66-926C-72979271DF17} = {02EA681E-C7D8-13C7-8484-4AC65E1B71E8}
		{511D34E6-8FF7-4112-A094-AD15AF5B7652} = {577EC0BC-4DBF-4C5E-AD70-0DB155B135E6}
	EndGlobalSection
	GlobalSection(ExtensibilityGlobals) = postSolution
		SolutionGuid = {70118CE5-512A-4B53-979E-B0166EB357F6}
	EndGlobalSection
EndGlobal
